
Microsoft Visual Studio Solution File, Format Version 12.00
# Visual Studio 2013
VisualStudioVersion = 12.0.31101.0
MinimumVisualStudioVersion = 10.0.40219.1
Project("{FAE04EC0-301F-11D3-BF4B-00C04F79EFBC}") = "01-Point3D", "01-Point3D\01-Point3D.csproj", "{38EFEA29-4BF6-49E4-B476-214670EFA721}"
EndProject
Project("{FAE04EC0-301F-11D3-BF4B-00C04F79EFBC}") = "02-DistanceCalculator", "02-DistanceCalculator\02-DistanceCalculator.csproj", "{2C8E456D-5388-4314-BBFB-4BD6284F57EB}"
EndProject
Project("{FAE04EC0-301F-11D3-BF4B-00C04F79EFBC}") = "03-Paths", "03-Paths\03-Paths.csproj", "{33CD52DC-F370-4BBA-9EB5-4E008066B548}"
EndProject
Project("{FAE04EC0-301F-11D3-BF4B-00C04F79EFBC}") = "04-HTMLDispatcher", "04-HTMLDispatcher\04-HTMLDispatcher.csproj", "{F753AEB4-D113-45CF-8AD0-11AE8022752B}"
EndProject
Project("{FAE04EC0-301F-11D3-BF4B-00C04F79EFBC}") = "Geometry", "Geometry\Geometry.csproj", "{83D54C26-73F9-4BB3-B285-EAA1CD95FE63}"
EndProject
Global
	GlobalSection(SolutionConfigurationPlatforms) = preSolution
		Debug|Any CPU = Debug|Any CPU
		Release|Any CPU = Release|Any CPU
	EndGlobalSection
	GlobalSection(ProjectConfigurationPlatforms) = postSolution
		{38EFEA29-4BF6-49E4-B476-214670EFA721}.Debug|Any CPU.ActiveCfg = Debug|Any CPU
		{38EFEA29-4BF6-49E4-B476-214670EFA721}.Debug|Any CPU.Build.0 = Debug|Any CPU
		{38EFEA29-4BF6-49E4-B476-214670EFA721}.Release|Any CPU.ActiveCfg = Release|Any CPU
		{38EFEA29-4BF6-49E4-B476-214670EFA721}.Release|Any CPU.Build.0 = Release|Any CPU
		{2C8E456D-5388-4314-BBFB-4BD6284F57EB}.Debug|Any CPU.ActiveCfg = Debug|Any CPU
		{2C8E456D-5388-4314-BBFB-4BD6284F57EB}.Debug|Any CPU.Build.0 = Debug|Any CPU
		{2C8E456D-5388-4314-BBFB-4BD6284F57EB}.Release|Any CPU.ActiveCfg = Release|Any CPU
		{2C8E456D-5388-4314-BBFB-4BD6284F57EB}.Release|Any CPU.Build.0 = Release|Any CPU
		{33CD52DC-F370-4BBA-9EB5-4E008066B548}.Debug|Any CPU.ActiveCfg = Debug|Any CPU
		{33CD52DC-F370-4BBA-9EB5-4E008066B548}.Debug|Any CPU.Build.0 = Debug|Any CPU
		{33CD52DC-F370-4BBA-9EB5-4E008066B548}.Release|Any CPU.ActiveCfg = Release|Any CPU
		{33CD52DC-F370-4BBA-9EB5-4E008066B548}.Release|Any CPU.Build.0 = Release|Any CPU
		{F753AEB4-D113-45CF-8AD0-11AE8022752B}.Debug|Any CPU.ActiveCfg = Debug|Any CPU
		{F753AEB4-D113-45CF-8AD0-11AE8022752B}.Debug|Any CPU.Build.0 = Debug|Any CPU
		{F753AEB4-D113-45CF-8AD0-11AE8022752B}.Release|Any CPU.ActiveCfg = Release|Any CPU
		{F753AEB4-D113-45CF-8AD0-11AE8022752B}.Release|Any CPU.Build.0 = Release|Any CPU
		{83D54C26-73F9-4BB3-B285-EAA1CD95FE63}.Debug|Any CPU.ActiveCfg = Debug|Any CPU
		{83D54C26-73F9-4BB3-B285-EAA1CD95FE63}.Debug|Any CPU.Build.0 = Debug|Any CPU
		{83D54C26-73F9-4BB3-B285-EAA1CD95FE63}.Release|Any CPU.ActiveCfg = Release|Any CPU
		{83D54C26-73F9-4BB3-B285-EAA1CD95FE63}.Release|Any CPU.Build.0 = Release|Any CPU
	EndGlobalSection
	GlobalSection(SolutionProperties) = preSolution
		HideSolutionNode = FALSE
	EndGlobalSection
EndGlobal
