
Microsoft Visual Studio Solution File, Format Version 12.00
# Visual Studio 2013
VisualStudioVersion = 12.0.31101.0
MinimumVisualStudioVersion = 10.0.40219.1
Project("{FAE04EC0-301F-11D3-BF4B-00C04F79EFBC}") = "01-InterestCalculator", "01-InterestCalculator\01-InterestCalculator.csproj", "{CD3B4D3B-EB10-4FB4-BF0C-B7D69EF9FDDF}"
EndProject
Project("{FAE04EC0-301F-11D3-BF4B-00C04F79EFBC}") = "02-AsynchronousTimer", "02-AsynchronousTimer\02-AsynchronousTimer.csproj", "{47D3ED5C-CE86-4C20-A016-B659236B9ACD}"
EndProject
Project("{FAE04EC0-301F-11D3-BF4B-00C04F79EFBC}") = "03-StudentClass", "03-StudentClass\03-StudentClass.csproj", "{59A388E5-2D58-4AE1-8264-B3B63D25E14C}"
EndProject
Global
	GlobalSection(SolutionConfigurationPlatforms) = preSolution
		Debug|Any CPU = Debug|Any CPU
		Release|Any CPU = Release|Any CPU
	EndGlobalSection
	GlobalSection(ProjectConfigurationPlatforms) = postSolution
		{CD3B4D3B-EB10-4FB4-BF0C-B7D69EF9FDDF}.Debug|Any CPU.ActiveCfg = Debug|Any CPU
		{CD3B4D3B-EB10-4FB4-BF0C-B7D69EF9FDDF}.Debug|Any CPU.Build.0 = Debug|Any CPU
		{CD3B4D3B-EB10-4FB4-BF0C-B7D69EF9FDDF}.Release|Any CPU.ActiveCfg = Release|Any CPU
		{CD3B4D3B-EB10-4FB4-BF0C-B7D69EF9FDDF}.Release|Any CPU.Build.0 = Release|Any CPU
		{47D3ED5C-CE86-4C20-A016-B659236B9ACD}.Debug|Any CPU.ActiveCfg = Debug|Any CPU
		{47D3ED5C-CE86-4C20-A016-B659236B9ACD}.Debug|Any CPU.Build.0 = Debug|Any CPU
		{47D3ED5C-CE86-4C20-A016-B659236B9ACD}.Release|Any CPU.ActiveCfg = Release|Any CPU
		{47D3ED5C-CE86-4C20-A016-B659236B9ACD}.Release|Any CPU.Build.0 = Release|Any CPU
		{59A388E5-2D58-4AE1-8264-B3B63D25E14C}.Debug|Any CPU.ActiveCfg = Debug|Any CPU
		{59A388E5-2D58-4AE1-8264-B3B63D25E14C}.Debug|Any CPU.Build.0 = Debug|Any CPU
		{59A388E5-2D58-4AE1-8264-B3B63D25E14C}.Release|Any CPU.ActiveCfg = Release|Any CPU
		{59A388E5-2D58-4AE1-8264-B3B63D25E14C}.Release|Any CPU.Build.0 = Release|Any CPU
	EndGlobalSection
	GlobalSection(SolutionProperties) = preSolution
		HideSolutionNode = FALSE
	EndGlobalSection
EndGlobal
